{
  "nodes": {
    "baresip": {
      "flake": false,
      "locked": {
        "lastModified": 1787569773,
        "narHash": "sha256-GMR1XteY8IjbebRzD4FxCRqbrwP3kPbV8oW/+L85eLs=",
        "owner": "baresip",
        "repo": "baresip",
        "rev": "3d30821f099925d24167f8a99e93ba4d1be98599",
        "type": "github"
      },
      "original": {
        "owner": "baresip",
        "ref": "v4.11.0",
        "repo": "baresip",
        "type": "github"
      }
    },
    "nixpkgs": {
      "locked": {
        "lastModified": 1785090369,
        "narHash": "sha256-m0pDuRJG7EDo9ri+4Ksu83VsI+PlxNC9lNBfydejce4=",
        "owner": "NixOS",
        "repo": "nixpkgs",
        "rev": "624af665418d3c65d544145b4d34ad696439570e",
        "type": "github"
      },
      "original": {
        "owner": "NixOS",
        "ref": "nixos-unstable",
        "repo": "nixpkgs",
        "type": "github"
      }
    },
    "re": {
      "flake": false,
      "locked": {
        "lastModified": 1787569409,
        "narHash": "sha256-cG7etDjpWdOhZ2dUhkXxlKpDpEoUG/7z8KkQXgSSVbw=",
        "owner": "baresip",
        "repo": "re",
        "rev": "ceefe9ff499aa1bcfb6255aff1737434dd385322",
        "type": "github"
      },
      "original": {
        "owner": "baresip",
        "ref": "v4.11.0",
        "repo": "re",
        "type": "github"
      }
    },
    "root": {
      "inputs": {
        "baresip": "baresip",
        "nixpkgs": "nixpkgs",
        "re": "re"
      }
    }
  },
  "root": "root",
  "version": 7
}
