{
  "nodes": {
    "baresip": {
      "flake": false,
      "locked": {
        "lastModified": 1784713694,
        "narHash": "sha256-EUnMcRvSvQoCgVmDVPjtfeppUiheVU2xD49D9hZbGb4=",
        "owner": "baresip",
        "repo": "baresip",
        "rev": "a1542aedf7c8dfba095214ef3e83fcd4d9fb4884",
        "type": "github"
      },
      "original": {
        "owner": "baresip",
        "ref": "v4.10.0",
        "repo": "baresip",
        "type": "github"
      }
    },
    "nixpkgs": {
      "locked": {
        "lastModified": 1785090369,
        "narHash": "sha256-m0pDuRJG7EDo9ri+4Ksu83VsI+PlxNC9lNBfydejce4=",
        "owner": "NixOS",
        "repo": "nixpkgs",
        "rev": "624af665418d3c65d544145b4d34ad696439570e",
        "type": "github"
      },
      "original": {
        "owner": "NixOS",
        "ref": "nixos-unstable",
        "repo": "nixpkgs",
        "type": "github"
      }
    },
    "re": {
      "flake": false,
      "locked": {
        "lastModified": 1784713390,
        "narHash": "sha256-1EI7Tjp5pwinP65vG+59jyHRXbNOBCP3vnRyC7zHUh4=",
        "owner": "baresip",
        "repo": "re",
        "rev": "57beb068cd7944c829102710fd416749c3e694d9",
        "type": "github"
      },
      "original": {
        "owner": "baresip",
        "ref": "v4.10.0",
        "repo": "re",
        "type": "github"
      }
    },
    "root": {
      "inputs": {
        "baresip": "baresip",
        "nixpkgs": "nixpkgs",
        "re": "re"
      }
    }
  },
  "root": "root",
  "version": 7
}
